
Microsoft Visual Studio Solution File, Format Version 12.00
# Visual Studio Version 17
VisualStudioVersion = 17.9.34616.47
MinimumVisualStudioVersion = 10.0.40219.1
Project("{FAE04EC0-301F-11D3-BF4B-00C04F79EFBC}") = "RecipeApp", "RecipeApp.csproj", "{22D93CB6-93D9-491E-B666-FA1FF4EAECB1}"
EndProject
Global
	GlobalSection(SolutionConfigurationPlatforms) = preSolution
		Debug|Any CPU = Debug|Any CPU
		Release|Any CPU = Release|Any CPU
	EndGlobalSection
	GlobalSection(ProjectConfigurationPlatforms) = postSolution
		{22D93CB6-93D9-491E-B666-FA1FF4EAECB1}.Debug|Any CPU.ActiveCfg = Debug|Any CPU
		{22D93CB6-93D9-491E-B666-FA1FF4EAECB1}.Debug|Any CPU.Build.0 = Debug|Any CPU
		{22D93CB6-93D9-491E-B666-FA1FF4EAECB1}.Release|Any CPU.ActiveCfg = Release|Any CPU
		{22D93CB6-93D9-491E-B666-FA1FF4EAECB1}.Release|Any CPU.Build.0 = Release|Any CPU
	EndGlobalSection
	GlobalSection(SolutionProperties) = preSolution
		HideSolutionNode = FALSE
	EndGlobalSection
	GlobalSection(ExtensibilityGlobals) = postSolution
		SolutionGuid = {E9FB8C9C-2E7D-4FA9-A403-C39EB3C66A03}
	EndGlobalSection
EndGlobal
